
Microsoft Visual Studio Solution File, Format Version 12.00
# Visual Studio Version 16
VisualStudioVersion = 16.0.31129.286
MinimumVisualStudioVersion = 10.0.40219.1
Project("{FAE04EC0-301F-11D3-BF4B-00C04F79EFBC}") = "WorkFlow", "WorkFlow\WorkFlow.csproj", "{CDB60117-94C3-43F6-A04F-4A84B44D9D17}"
EndProject
Global
	GlobalSection(SolutionConfigurationPlatforms) = preSolution
		Debug|Any CPU = Debug|Any CPU
		Release|Any CPU = Release|Any CPU
	EndGlobalSection
	GlobalSection(ProjectConfigurationPlatforms) = postSolution
		{CDB60117-94C3-43F6-A04F-4A84B44D9D17}.Debug|Any CPU.ActiveCfg = Debug|Any CPU
		{CDB60117-94C3-43F6-A04F-4A84B44D9D17}.Debug|Any CPU.Build.0 = Debug|Any CPU
		{CDB60117-94C3-43F6-A04F-4A84B44D9D17}.Release|Any CPU.ActiveCfg = Release|Any CPU
		{CDB60117-94C3-43F6-A04F-4A84B44D9D17}.Release|Any CPU.Build.0 = Release|Any CPU
	EndGlobalSection
	GlobalSection(SolutionProperties) = preSolution
		HideSolutionNode = FALSE
	EndGlobalSection
	GlobalSection(ExtensibilityGlobals) = postSolution
		SolutionGuid = {8B986053-931E-40C3-A39A-970E8AB3D23C}
	EndGlobalSection
EndGlobal
